
Microsoft Visual Studio Solution File, Format Version 12.00
# Visual Studio 15
Project("{FAE04EC0-301F-11D3-BF4B-00C04F79EFBC}") = "Turnbased project (Kyle & Stefano)", "Assembly-CSharp.csproj", "{7BBCBB02-65DD-CE64-4F52-E86305225E99}"
EndProject
Project("{FAE04EC0-301F-11D3-BF4B-00C04F79EFBC}") = "Turnbased project (Kyle & Stefano)", "Assembly-CSharp-Editor.csproj", "{DA9C7D87-22A8-FDAF-81A7-E0E56F67C477}"
EndProject
Global
	GlobalSection(SolutionConfigurationPlatforms) = preSolution
		Debug|Any CPU = Debug|Any CPU
		Release|Any CPU = Release|Any CPU
	EndGlobalSection
	GlobalSection(ProjectConfigurationPlatforms) = postSolution
		{7BBCBB02-65DD-CE64-4F52-E86305225E99}.Debug|Any CPU.ActiveCfg = Debug|Any CPU
		{7BBCBB02-65DD-CE64-4F52-E86305225E99}.Debug|Any CPU.Build.0 = Debug|Any CPU
		{7BBCBB02-65DD-CE64-4F52-E86305225E99}.Release|Any CPU.ActiveCfg = Release|Any CPU
		{7BBCBB02-65DD-CE64-4F52-E86305225E99}.Release|Any CPU.Build.0 = Release|Any CPU
		{DA9C7D87-22A8-FDAF-81A7-E0E56F67C477}.Debug|Any CPU.ActiveCfg = Debug|Any CPU
		{DA9C7D87-22A8-FDAF-81A7-E0E56F67C477}.Debug|Any CPU.Build.0 = Debug|Any CPU
		{DA9C7D87-22A8-FDAF-81A7-E0E56F67C477}.Release|Any CPU.ActiveCfg = Release|Any CPU
		{DA9C7D87-22A8-FDAF-81A7-E0E56F67C477}.Release|Any CPU.Build.0 = Release|Any CPU
	EndGlobalSection
	GlobalSection(SolutionProperties) = preSolution
		HideSolutionNode = FALSE
	EndGlobalSection
EndGlobal
