
Microsoft Visual Studio Solution File, Format Version 12.00
# Visual Studio 15
VisualStudioVersion = 15.0.27703.2035
MinimumVisualStudioVersion = 10.0.40219.1
Project("{FAE04EC0-301F-11D3-BF4B-00C04F79EFBC}") = "Assembly-CSharp", "Assembly-CSharp.csproj", "{6DB61288-423C-8538-FC8B-5D687BA384F4}"
EndProject
Project("{FAE04EC0-301F-11D3-BF4B-00C04F79EFBC}") = "Assembly-CSharp-Editor", "Assembly-CSharp-Editor.csproj", "{C8B298E8-E35D-16C2-E8A6-67E0DB958303}"
EndProject
Global
	GlobalSection(SolutionConfigurationPlatforms) = preSolution
		Debug|Any CPU = Debug|Any CPU
		Release|Any CPU = Release|Any CPU
	EndGlobalSection
	GlobalSection(ProjectConfigurationPlatforms) = postSolution
		{6DB61288-423C-8538-FC8B-5D687BA384F4}.Debug|Any CPU.ActiveCfg = Debug|Any CPU
		{6DB61288-423C-8538-FC8B-5D687BA384F4}.Debug|Any CPU.Build.0 = Debug|Any CPU
		{6DB61288-423C-8538-FC8B-5D687BA384F4}.Release|Any CPU.ActiveCfg = Release|Any CPU
		{6DB61288-423C-8538-FC8B-5D687BA384F4}.Release|Any CPU.Build.0 = Release|Any CPU
		{C8B298E8-E35D-16C2-E8A6-67E0DB958303}.Debug|Any CPU.ActiveCfg = Debug|Any CPU
		{C8B298E8-E35D-16C2-E8A6-67E0DB958303}.Debug|Any CPU.Build.0 = Debug|Any CPU
		{C8B298E8-E35D-16C2-E8A6-67E0DB958303}.Release|Any CPU.ActiveCfg = Release|Any CPU
		{C8B298E8-E35D-16C2-E8A6-67E0DB958303}.Release|Any CPU.Build.0 = Release|Any CPU
	EndGlobalSection
	GlobalSection(SolutionProperties) = preSolution
		HideSolutionNode = FALSE
	EndGlobalSection
	GlobalSection(ExtensibilityGlobals) = postSolution
		SolutionGuid = {6A9A211C-5423-4A16-8F13-5B57B0F487C0}
	EndGlobalSection
EndGlobal
