
Microsoft Visual Studio Solution File, Format Version 12.00
# Visual Studio 15
Project("{FAE04EC0-301F-11D3-BF4B-00C04F79EFBC}") = "Turnbased-project-Kyle-Stefano-", "Assembly-CSharp.csproj", "{C7DA0448-B39C-9E35-C7FB-D39D635E8D84}"
EndProject
Project("{FAE04EC0-301F-11D3-BF4B-00C04F79EFBC}") = "Turnbased-project-Kyle-Stefano-", "Assembly-CSharp-Editor.csproj", "{663FB855-CCBC-2863-CF4F-D8D2FBC86E5D}"
EndProject
Global
	GlobalSection(SolutionConfigurationPlatforms) = preSolution
		Debug|Any CPU = Debug|Any CPU
		Release|Any CPU = Release|Any CPU
	EndGlobalSection
	GlobalSection(ProjectConfigurationPlatforms) = postSolution
		{C7DA0448-B39C-9E35-C7FB-D39D635E8D84}.Debug|Any CPU.ActiveCfg = Debug|Any CPU
		{C7DA0448-B39C-9E35-C7FB-D39D635E8D84}.Debug|Any CPU.Build.0 = Debug|Any CPU
		{C7DA0448-B39C-9E35-C7FB-D39D635E8D84}.Release|Any CPU.ActiveCfg = Release|Any CPU
		{C7DA0448-B39C-9E35-C7FB-D39D635E8D84}.Release|Any CPU.Build.0 = Release|Any CPU
		{663FB855-CCBC-2863-CF4F-D8D2FBC86E5D}.Debug|Any CPU.ActiveCfg = Debug|Any CPU
		{663FB855-CCBC-2863-CF4F-D8D2FBC86E5D}.Debug|Any CPU.Build.0 = Debug|Any CPU
		{663FB855-CCBC-2863-CF4F-D8D2FBC86E5D}.Release|Any CPU.ActiveCfg = Release|Any CPU
		{663FB855-CCBC-2863-CF4F-D8D2FBC86E5D}.Release|Any CPU.Build.0 = Release|Any CPU
	EndGlobalSection
	GlobalSection(SolutionProperties) = preSolution
		HideSolutionNode = FALSE
	EndGlobalSection
EndGlobal
